
Microsoft Visual Studio Solution File, Format Version 12.00
# Visual Studio Version 17
VisualStudioVersion = 17.1.31911.260
MinimumVisualStudioVersion = 10.0.40219.1
Project("{9A19103F-16F7-4668-BE54-9A1E7A4F7556}") = "BinaryTrees", "BinaryTrees\BinaryTrees.csproj", "{480B46E9-E83E-433E-8CCD-78725951947D}"
EndProject
Project("{FAE04EC0-301F-11D3-BF4B-00C04F79EFBC}") = "BinaryTreeTests", "BinaryTreeTests\BinaryTreeTests.csproj", "{4C197202-1A54-4A03-AACB-C4FF5D4F07EE}"
EndProject
Global
	GlobalSection(SolutionConfigurationPlatforms) = preSolution
		Debug|Any CPU = Debug|Any CPU
		Release|Any CPU = Release|Any CPU
	EndGlobalSection
	GlobalSection(ProjectConfigurationPlatforms) = postSolution
		{480B46E9-E83E-433E-8CCD-78725951947D}.Debug|Any CPU.ActiveCfg = Debug|Any CPU
		{480B46E9-E83E-433E-8CCD-78725951947D}.Debug|Any CPU.Build.0 = Debug|Any CPU
		{480B46E9-E83E-433E-8CCD-78725951947D}.Release|Any CPU.ActiveCfg = Release|Any CPU
		{480B46E9-E83E-433E-8CCD-78725951947D}.Release|Any CPU.Build.0 = Release|Any CPU
		{4C197202-1A54-4A03-AACB-C4FF5D4F07EE}.Debug|Any CPU.ActiveCfg = Debug|Any CPU
		{4C197202-1A54-4A03-AACB-C4FF5D4F07EE}.Debug|Any CPU.Build.0 = Debug|Any CPU
		{4C197202-1A54-4A03-AACB-C4FF5D4F07EE}.Release|Any CPU.ActiveCfg = Release|Any CPU
		{4C197202-1A54-4A03-AACB-C4FF5D4F07EE}.Release|Any CPU.Build.0 = Release|Any CPU
	EndGlobalSection
	GlobalSection(SolutionProperties) = preSolution
		HideSolutionNode = FALSE
	EndGlobalSection
	GlobalSection(ExtensibilityGlobals) = postSolution
		SolutionGuid = {EF01865E-57F7-4946-8910-E19EB40F0EBD}
	EndGlobalSection
EndGlobal
