
Microsoft Visual Studio Solution File, Format Version 12.00
# Visual Studio Version 16
VisualStudioVersion = 16.0.29418.71
MinimumVisualStudioVersion = 10.0.40219.1
Project("{FAE04EC0-301F-11D3-BF4B-00C04F79EFBC}") = "LinkLists", "LinkLists\LinkLists.csproj", "{0E6EE7BD-EB73-4D2A-92AF-52639BE0D381}"
EndProject
Project("{FAE04EC0-301F-11D3-BF4B-00C04F79EFBC}") = "LinkLists.Tests", "LinkLists.Tests\LinkLists.Tests.csproj", "{C52DFC51-9573-436D-83A1-D9FA91A825F6}"
EndProject
Global
	GlobalSection(SolutionConfigurationPlatforms) = preSolution
		Debug|Any CPU = Debug|Any CPU
		Release|Any CPU = Release|Any CPU
	EndGlobalSection
	GlobalSection(ProjectConfigurationPlatforms) = postSolution
		{0E6EE7BD-EB73-4D2A-92AF-52639BE0D381}.Debug|Any CPU.ActiveCfg = Debug|Any CPU
		{0E6EE7BD-EB73-4D2A-92AF-52639BE0D381}.Debug|Any CPU.Build.0 = Debug|Any CPU
		{0E6EE7BD-EB73-4D2A-92AF-52639BE0D381}.Release|Any CPU.ActiveCfg = Release|Any CPU
		{0E6EE7BD-EB73-4D2A-92AF-52639BE0D381}.Release|Any CPU.Build.0 = Release|Any CPU
		{C52DFC51-9573-436D-83A1-D9FA91A825F6}.Debug|Any CPU.ActiveCfg = Debug|Any CPU
		{C52DFC51-9573-436D-83A1-D9FA91A825F6}.Debug|Any CPU.Build.0 = Debug|Any CPU
		{C52DFC51-9573-436D-83A1-D9FA91A825F6}.Release|Any CPU.ActiveCfg = Release|Any CPU
		{C52DFC51-9573-436D-83A1-D9FA91A825F6}.Release|Any CPU.Build.0 = Release|Any CPU
	EndGlobalSection
	GlobalSection(SolutionProperties) = preSolution
		HideSolutionNode = FALSE
	EndGlobalSection
	GlobalSection(ExtensibilityGlobals) = postSolution
		SolutionGuid = {03DD1F19-ACF5-494A-8317-DFB075039566}
	EndGlobalSection
EndGlobal
