
Microsoft Visual Studio Solution File, Format Version 12.00
# Visual Studio Version 16
VisualStudioVersion = 16.0.29526.173
MinimumVisualStudioVersion = 10.0.40219.1
Project("{FAE04EC0-301F-11D3-BF4B-00C04F79EFBC}") = "BinarySeachTree", "BinarySeachTree\BinarySeachTree.csproj", "{C905038A-5595-48B7-94B0-EC6D0625ACF9}"
EndProject
Project("{FAE04EC0-301F-11D3-BF4B-00C04F79EFBC}") = "BinarySearchTree.Tests", "BinarySearchTree.Tests\BinarySearchTree.Tests.csproj", "{18138F3E-68F7-41BF-9AB2-A72257EC04EC}"
EndProject
Global
	GlobalSection(SolutionConfigurationPlatforms) = preSolution
		Debug|Any CPU = Debug|Any CPU
		Release|Any CPU = Release|Any CPU
	EndGlobalSection
	GlobalSection(ProjectConfigurationPlatforms) = postSolution
		{C905038A-5595-48B7-94B0-EC6D0625ACF9}.Debug|Any CPU.ActiveCfg = Debug|Any CPU
		{C905038A-5595-48B7-94B0-EC6D0625ACF9}.Debug|Any CPU.Build.0 = Debug|Any CPU
		{C905038A-5595-48B7-94B0-EC6D0625ACF9}.Release|Any CPU.ActiveCfg = Release|Any CPU
		{C905038A-5595-48B7-94B0-EC6D0625ACF9}.Release|Any CPU.Build.0 = Release|Any CPU
		{18138F3E-68F7-41BF-9AB2-A72257EC04EC}.Debug|Any CPU.ActiveCfg = Debug|Any CPU
		{18138F3E-68F7-41BF-9AB2-A72257EC04EC}.Debug|Any CPU.Build.0 = Debug|Any CPU
		{18138F3E-68F7-41BF-9AB2-A72257EC04EC}.Release|Any CPU.ActiveCfg = Release|Any CPU
		{18138F3E-68F7-41BF-9AB2-A72257EC04EC}.Release|Any CPU.Build.0 = Release|Any CPU
	EndGlobalSection
	GlobalSection(SolutionProperties) = preSolution
		HideSolutionNode = FALSE
	EndGlobalSection
	GlobalSection(ExtensibilityGlobals) = postSolution
		SolutionGuid = {7F538D5C-B5D7-4E40-9B7B-78C8E16FF729}
	EndGlobalSection
EndGlobal
